
Microsoft Visual Studio Solution File, Format Version 12.00
# Visual Studio 14
VisualStudioVersion = 14.0.25123.0
MinimumVisualStudioVersion = 10.0.40219.1
Project("{FAE04EC0-301F-11D3-BF4B-00C04F79EFBC}") = "myApriori", "myApriori\myApriori.csproj", "{3244CBB4-FB6F-47B5-882C-14D3F23A4031}"
EndProject
Project("{FAE04EC0-301F-11D3-BF4B-00C04F79EFBC}") = "UserInterface", "UserInterface\UserInterface.csproj", "{6A01E44A-18DE-4C35-B808-A2C87C59515A}"
EndProject
Global
	GlobalSection(SolutionConfigurationPlatforms) = preSolution
		Debug|Any CPU = Debug|Any CPU
		Release|Any CPU = Release|Any CPU
	EndGlobalSection
	GlobalSection(ProjectConfigurationPlatforms) = postSolution
		{3244CBB4-FB6F-47B5-882C-14D3F23A4031}.Debug|Any CPU.ActiveCfg = Debug|Any CPU
		{3244CBB4-FB6F-47B5-882C-14D3F23A4031}.Debug|Any CPU.Build.0 = Debug|Any CPU
		{3244CBB4-FB6F-47B5-882C-14D3F23A4031}.Release|Any CPU.ActiveCfg = Release|Any CPU
		{3244CBB4-FB6F-47B5-882C-14D3F23A4031}.Release|Any CPU.Build.0 = Release|Any CPU
		{6A01E44A-18DE-4C35-B808-A2C87C59515A}.Debug|Any CPU.ActiveCfg = Debug|Any CPU
		{6A01E44A-18DE-4C35-B808-A2C87C59515A}.Debug|Any CPU.Build.0 = Debug|Any CPU
		{6A01E44A-18DE-4C35-B808-A2C87C59515A}.Release|Any CPU.ActiveCfg = Release|Any CPU
		{6A01E44A-18DE-4C35-B808-A2C87C59515A}.Release|Any CPU.Build.0 = Release|Any CPU
	EndGlobalSection
	GlobalSection(SolutionProperties) = preSolution
		HideSolutionNode = FALSE
	EndGlobalSection
EndGlobal
